
Microsoft Visual Studio Solution File, Format Version 12.00
# Visual Studio 2012
Project("{FAE04EC0-301F-11D3-BF4B-00C04F79EFBC}") = "Agent", "Agent\Agent.csproj", "{D2D9473E-38EB-4DC7-B678-6E125CDA2C79}"
EndProject
Project("{FAE04EC0-301F-11D3-BF4B-00C04F79EFBC}") = "CoreAMS", "CoreAMS\CoreAMS.csproj", "{4566BB44-8ABC-4854-8A7A-B104C7C260ED}"
EndProject
Project("{FAE04EC0-301F-11D3-BF4B-00C04F79EFBC}") = "VisualSimulation", "VisualSimulation\VisualSimulation.csproj", "{E6C6933F-B39D-4654-9F9A-5FD96913B5AF}"
EndProject
Global
	GlobalSection(SolutionConfigurationPlatforms) = preSolution
		Debug|Any CPU = Debug|Any CPU
		Release|Any CPU = Release|Any CPU
	EndGlobalSection
	GlobalSection(ProjectConfigurationPlatforms) = postSolution
		{D2D9473E-38EB-4DC7-B678-6E125CDA2C79}.Debug|Any CPU.ActiveCfg = Debug|Any CPU
		{D2D9473E-38EB-4DC7-B678-6E125CDA2C79}.Debug|Any CPU.Build.0 = Debug|Any CPU
		{D2D9473E-38EB-4DC7-B678-6E125CDA2C79}.Release|Any CPU.ActiveCfg = Release|Any CPU
		{D2D9473E-38EB-4DC7-B678-6E125CDA2C79}.Release|Any CPU.Build.0 = Release|Any CPU
		{4566BB44-8ABC-4854-8A7A-B104C7C260ED}.Debug|Any CPU.ActiveCfg = Debug|Any CPU
		{4566BB44-8ABC-4854-8A7A-B104C7C260ED}.Debug|Any CPU.Build.0 = Debug|Any CPU
		{4566BB44-8ABC-4854-8A7A-B104C7C260ED}.Release|Any CPU.ActiveCfg = Release|Any CPU
		{4566BB44-8ABC-4854-8A7A-B104C7C260ED}.Release|Any CPU.Build.0 = Release|Any CPU
		{E6C6933F-B39D-4654-9F9A-5FD96913B5AF}.Debug|Any CPU.ActiveCfg = Debug|Any CPU
		{E6C6933F-B39D-4654-9F9A-5FD96913B5AF}.Debug|Any CPU.Build.0 = Debug|Any CPU
		{E6C6933F-B39D-4654-9F9A-5FD96913B5AF}.Release|Any CPU.ActiveCfg = Release|Any CPU
		{E6C6933F-B39D-4654-9F9A-5FD96913B5AF}.Release|Any CPU.Build.0 = Release|Any CPU
	EndGlobalSection
	GlobalSection(SolutionProperties) = preSolution
		HideSolutionNode = FALSE
	EndGlobalSection
EndGlobal
